{
  "lockfileVersion": 1,
  "configVersion": 1,
  "workspaces": {
    "": {
      "name": "opengrok-cli",
      "dependencies": {
        "@opentui/core": "^0.5.9",
        "@opentui/react": "^0.5.9",
        "axios": "^1.7.7",
        "dotenv": "^16.4.5",
        "pino": "^9.5.0",
        "react": "^19.2.0",
        "zod": "^3.23.8",
      },
      "devDependencies": {
        "@types/bun": "^1.3.0",
        "@types/node": "^22.7.5",
        "@types/react": "^19.2.0",
        "typescript": "^5.6.3",
      },
      "peerDependencies": {
        "typescript": "^5",
      },
    },
  },
  "packages": {
    "@opentui/core": ["@opentui/core@0.5.9", "https://mirrors.huaweicloud.com/repository/npm/@opentui/core/-/core-0.5.9.tgz", { "dependencies": { "bun-ffi-structs": "0.3.1", "diff": "9.0.0", "marked": "17.0.1", "string-width": "7.2.0", "strip-ansi": "7.1.2" }, "optionalDependencies": { "@opentui/core-darwin-arm64": "0.5.9", "@opentui/core-darwin-x64": "0.5.9", "@opentui/core-linux-arm64": "0.5.9", "@opentui/core-linux-arm64-musl": "0.5.9", "@opentui/core-linux-x64": "0.5.9", "@opentui/core-linux-x64-musl": "0.5.9", "@opentui/core-win32-arm64": "0.5.9", "@opentui/core-win32-x64": "0.5.9" }, "peerDependencies": { "web-tree-sitter": "0.25.10" } }, "sha512-d0EWYyp6djitu1N1R0o75NrLl4TxY3oJEmRNrX9vSKKC5/jriGQdSV6lJmwiB77O0cxtBnPzWztAV79vA1J2fA=="],

    "@opentui/core-darwin-arm64": ["@opentui/core-darwin-arm64@0.5.9", "https://mirrors.huaweicloud.com/repository/npm/@opentui/core-darwin-arm64/-/core-darwin-arm64-0.5.9.tgz", { "os": "darwin", "cpu": "arm64" }, "sha512-YcpWGD8GwoO3UYYw0kLDI4qof3ElSwWW5M3fNG+Kw87BSjCa5frZqak5xebdZ/XU5Xsk+BjgbBsxbzo9yrIjZQ=="],

    "@opentui/core-darwin-x64": ["@opentui/core-darwin-x64@0.5.9", "https://mirrors.huaweicloud.com/repository/npm/@opentui/core-darwin-x64/-/core-darwin-x64-0.5.9.tgz", { "os": "darwin", "cpu": "x64" }, "sha512-xgdZwgcwlDCqi0WPCS1d0GVSd+oKDFX+UVE1ZPei8u8W3pirXGSExxVHNku7QbEYCRvpCeMtoKIa6xN9cVTsoQ=="],

    "@opentui/core-linux-arm64": ["@opentui/core-linux-arm64@0.5.9", "https://mirrors.huaweicloud.com/repository/npm/@opentui/core-linux-arm64/-/core-linux-arm64-0.5.9.tgz", { "os": "linux", "cpu": "arm64" }, "sha512-vHBiJp69wMaL+fRMDpnXCCIpPyQRPZEWCWBatnblUUGIWUseqeQlaPow6ljHSbgAd/GjygAf4tFCyTqNT2ezZA=="],

    "@opentui/core-linux-arm64-musl": ["@opentui/core-linux-arm64-musl@0.5.9", "https://mirrors.huaweicloud.com/repository/npm/@opentui/core-linux-arm64-musl/-/core-linux-arm64-musl-0.5.9.tgz", { "os": "linux", "cpu": "arm64" }, "sha512-A7GW4NCTInj2vy3X2gVO2Sm8jllgdLxwPdOklPqyl+xqivQtyG9qwS5YXoCk9fBJt10ORhYKETEjYEnIE5xvMQ=="],

    "@opentui/core-linux-x64": ["@opentui/core-linux-x64@0.5.9", "https://mirrors.huaweicloud.com/repository/npm/@opentui/core-linux-x64/-/core-linux-x64-0.5.9.tgz", { "os": "linux", "cpu": "x64" }, "sha512-rdw7QVopVHwj6fMrJc7hPGVaYg2V5NBlW3MUfkrQBlUlo/87OC4aYDAh5oRIL1CIFD9LjDdh7hwmUNbn/K9Pcw=="],

    "@opentui/core-linux-x64-musl": ["@opentui/core-linux-x64-musl@0.5.9", "https://mirrors.huaweicloud.com/repository/npm/@opentui/core-linux-x64-musl/-/core-linux-x64-musl-0.5.9.tgz", { "os": "linux", "cpu": "x64" }, "sha512-J4wQs1OMPZ4hR93Op1C/BLFmIta2mUJm4M7djevlgcWcal4RSNO4V8QvUXfogWGci+ADZqEmX2osQQDY5NVJpw=="],

    "@opentui/core-win32-arm64": ["@opentui/core-win32-arm64@0.5.9", "https://mirrors.huaweicloud.com/repository/npm/@opentui/core-win32-arm64/-/core-win32-arm64-0.5.9.tgz", { "os": "win32", "cpu": "arm64" }, "sha512-OnmEsGLWwsHrm6sTsWSSesu4LGjSV1JNWqCsEItbuitWaqH6rXdSahSc5jMFsS57bZxUyaRz01yAqiZzUSXnVQ=="],

    "@opentui/core-win32-x64": ["@opentui/core-win32-x64@0.5.9", "https://mirrors.huaweicloud.com/repository/npm/@opentui/core-win32-x64/-/core-win32-x64-0.5.9.tgz", { "os": "win32", "cpu": "x64" }, "sha512-/CnAIfKL7+ZeGLyZoXV5zS71Nd8Zn97RUir2DAIY05MJozmfg5s7XOAdUNYuK1cg5mbwlAuqeAsfbuWUAEe15g=="],

    "@opentui/react": ["@opentui/react@0.5.9", "https://mirrors.huaweicloud.com/repository/npm/@opentui/react/-/react-0.5.9.tgz", { "dependencies": { "@opentui/core": "0.5.9", "react-reconciler": "^0.33.0" }, "peerDependencies": { "react": ">=19.2.0", "react-devtools-core": "^7.0.1", "ws": "^8.18.0" } }, "sha512-MrJ0sIDmBOhF4q85yZABEfpd2mOPfSj3jA8WS/MPtySEOGy/0Aw3XZTh9wgFvivGk/qGVJK0s4YY+iLwudIYQg=="],

    "@pinojs/redact": ["@pinojs/redact@0.4.0", "https://mirrors.huaweicloud.com/repository/npm/@pinojs/redact/-/redact-0.4.0.tgz", {}, "sha512-k2ENnmBugE/rzQfEcdWHcCY+/FM3VLzH9cYEsbdsoqrvzAKRhUZeRNhAZvB8OitQJ1TBed3yqWtdjzS6wJKBwg=="],

    "@types/bun": ["@types/bun@1.4.0", "https://mirrors.huaweicloud.com/repository/npm/@types/bun/-/bun-1.4.0.tgz", { "dependencies": { "bun-types": "1.4.0" } }, "sha512-K+lZULY23vRgK/CfTjFIV+tyifaNdSMlPh9j+6mQ/cLfpOznLyAuzgV/JQysyECpkBQLVMSyvjlr2fBUSA9wFQ=="],

    "@types/node": ["@types/node@22.20.1", "https://mirrors.huaweicloud.com/repository/npm/@types/node/-/node-22.20.1.tgz", { "dependencies": { "undici-types": "~6.21.0" } }, "sha512-EANqOCF9QFyra+4pfxUcX9STKJpCLjMbObVzljIJomAWSnuSIEAvyzEU53GaajbXJEgdh0iEcPL+DGvpUd4k1Q=="],

    "@types/react": ["@types/react@19.2.18", "https://mirrors.huaweicloud.com/repository/npm/@types/react/-/react-19.2.18.tgz", { "dependencies": { "csstype": "^3.2.2" } }, "sha512-AnzbBERsrLKtk2XSfTbYRLjQPdy116Sty4q+T+Bp3IC4l6jNBvreVPAHmpq9qhXQM7CXZPjLVmGMw9sy+hxQ3w=="],

    "agent-base": ["agent-base@6.0.2", "https://mirrors.huaweicloud.com/repository/npm/agent-base/-/agent-base-6.0.2.tgz", { "dependencies": { "debug": "4" } }, "sha512-RZNwNclF7+MS/8bDg70amg32dyeZGZxiDuQmZxKLAlQjr3jGyLx+4Kkk58UO7D2QdgFIQCovuSuZESne6RG6XQ=="],

    "ansi-regex": ["ansi-regex@6.3.0", "https://mirrors.huaweicloud.com/repository/npm/ansi-regex/-/ansi-regex-6.3.0.tgz", {}, "sha512-WpDfL7NO6j7tH88IDBNVdUJxDh9nmCteAVW9dsep846XdwF4naCBK+/tGLX3KJgcpgMRXCFlTM2hKGoK9FsdrQ=="],

    "asynckit": ["asynckit@0.4.0", "https://mirrors.huaweicloud.com/repository/npm/asynckit/-/asynckit-0.4.0.tgz", {}, "sha512-Oei9OH4tRh0YqU3GxhX79dM/mwVgvbZJaSNaRk+bshkj0S5cfHcgYakreBjrHwatXKbz+IoIdYLxrKim2MjW0Q=="],

    "atomic-sleep": ["atomic-sleep@1.0.0", "https://mirrors.huaweicloud.com/repository/npm/atomic-sleep/-/atomic-sleep-1.0.0.tgz", {}, "sha512-kNOjDqAh7px0XWNI+4QbzoiR/nTkHAWNud2uvnJquD1/x5a7EQZMJT0AczqK0Qn67oY/TTQ1LbUKajZpp3I9tQ=="],

    "axios": ["axios@1.20.0", "https://mirrors.huaweicloud.com/repository/npm/axios/-/axios-1.20.0.tgz", { "dependencies": { "follow-redirects": "^1.16.0", "form-data": "^4.0.6", "https-proxy-agent": "^5.0.1", "proxy-from-env": "^2.1.0" } }, "sha512-r8aOh8j9cGKpgQAqpzrUHnSIc6a59Y3Xf/cv8sy1DrHCkZHzQGEuoq1tARk6qSyDdtQGSDgpb9kFlruzPvrgwg=="],

    "bun-ffi-structs": ["bun-ffi-structs@0.3.1", "https://mirrors.huaweicloud.com/repository/npm/bun-ffi-structs/-/bun-ffi-structs-0.3.1.tgz", { "peerDependencies": { "typescript": "^5" } }, "sha512-3gM7PpVWLyrwxWjcilSiGuhWanhZivvo6l0u573NziPH6f/gwk6McbaYgn7oJWov6pKGRTDbrg94W5DcJsKTtQ=="],

    "bun-types": ["bun-types@1.4.0", "https://mirrors.huaweicloud.com/repository/npm/bun-types/-/bun-types-1.4.0.tgz", { "dependencies": { "@types/node": "*" } }, "sha512-iIKw23BspnQQYd3prITOBxeUsxBHnwzX6YJfGMuNOZzeNcMmVqzIIVGRm1l69ogaPQmb4wB6BN8mA5bE9YuC5Q=="],

    "call-bind-apply-helpers": ["call-bind-apply-helpers@1.0.2", "https://mirrors.huaweicloud.com/repository/npm/call-bind-apply-helpers/-/call-bind-apply-helpers-1.0.2.tgz", { "dependencies": { "es-errors": "^1.3.0", "function-bind": "^1.1.2" } }, "sha512-Sp1ablJ0ivDkSzjcaJdxEunN5/XvksFJ2sMBFfq6x0ryhQV/2b/KwFe21cMpmHtPOSij8K99/wSfoEuTObmuMQ=="],

    "combined-stream": ["combined-stream@1.0.8", "https://mirrors.huaweicloud.com/repository/npm/combined-stream/-/combined-stream-1.0.8.tgz", { "dependencies": { "delayed-stream": "~1.0.0" } }, "sha512-FQN4MRfuJeHf7cBbBMJFXhKSDq+2kAArBlmRBvcvFE5BB1HZKXtSFASDhdlz9zOYwxh8lDdnvmMOe/+5cdoEdg=="],

    "csstype": ["csstype@3.2.3", "https://mirrors.huaweicloud.com/repository/npm/csstype/-/csstype-3.2.3.tgz", {}, "sha512-z1HGKcYy2xA8AGQfwrn0PAy+PB7X/GSj3UVJW9qKyn43xWa+gl5nXmU4qqLMRzWVLFC8KusUX8T/0kCiOYpAIQ=="],

    "debug": ["debug@4.4.3", "https://mirrors.huaweicloud.com/repository/npm/debug/-/debug-4.4.3.tgz", { "dependencies": { "ms": "^2.1.3" }, "peerDependencies": { "supports-color": "*" }, "optionalPeers": ["supports-color"] }, "sha512-RGwwWnwQvkVfavKVt22FGLw+xYSdzARwm0ru6DhTVA3umU5hZc28V3kO4stgYryrTlLpuvgI9GiijltAjNbcqA=="],

    "delayed-stream": ["delayed-stream@1.0.0", "https://mirrors.huaweicloud.com/repository/npm/delayed-stream/-/delayed-stream-1.0.0.tgz", {}, "sha512-ZySD7Nf91aLB0RxL4KGrKHBXl7Eds1DAmEdcoVawXnLD7SDhpNgtuII2aAkg7a7QS41jxPSZ17p4VdGnMHk3MQ=="],

    "diff": ["diff@9.0.0", "https://mirrors.huaweicloud.com/repository/npm/diff/-/diff-9.0.0.tgz", {}, "sha512-svtcdpS8CgJyqAjEQIXdb3OjhFVVYjzGAPO8WGCmRbrml64SPw/jJD4GoE98aR7r25A0XcgrK3F02yw9R/vhQw=="],

    "dotenv": ["dotenv@16.6.1", "https://mirrors.huaweicloud.com/repository/npm/dotenv/-/dotenv-16.6.1.tgz", {}, "sha512-uBq4egWHTcTt33a72vpSG0z3HnPuIl6NqYcTrKEg2azoEyl2hpW0zqlxysq2pK9HlDIHyHyakeYaYnSAwd8bow=="],

    "dunder-proto": ["dunder-proto@1.0.1", "https://mirrors.huaweicloud.com/repository/npm/dunder-proto/-/dunder-proto-1.0.1.tgz", { "dependencies": { "call-bind-apply-helpers": "^1.0.1", "es-errors": "^1.3.0", "gopd": "^1.2.0" } }, "sha512-KIN/nDJBQRcXw0MLVhZE9iQHmG68qAVIBg9CqmUYjmQIhgij9U5MFvrqkUL5FbtyyzZuOeOt0zdeRe4UY7ct+A=="],

    "emoji-regex": ["emoji-regex@10.6.0", "https://mirrors.huaweicloud.com/repository/npm/emoji-regex/-/emoji-regex-10.6.0.tgz", {}, "sha512-toUI84YS5YmxW219erniWD0CIVOo46xGKColeNQRgOzDorgBi1v4D71/OFzgD9GO2UGKIv1C3Sp8DAn0+j5w7A=="],

    "es-define-property": ["es-define-property@1.0.1", "https://mirrors.huaweicloud.com/repository/npm/es-define-property/-/es-define-property-1.0.1.tgz", {}, "sha512-e3nRfgfUZ4rNGL232gUgX06QNyyez04KdjFrF+LTRoOXmrOgFKDg4BCdsjW8EnT69eqdYGmRpJwiPVYNrCaW3g=="],

    "es-errors": ["es-errors@1.3.0", "https://mirrors.huaweicloud.com/repository/npm/es-errors/-/es-errors-1.3.0.tgz", {}, "sha512-Zf5H2Kxt2xjTvbJvP2ZWLEICxA6j+hAmMzIlypy4xcBg1vKVnx89Wy0GbS+kf5cwCVFFzdCFh2XSCFNULS6csw=="],

    "es-object-atoms": ["es-object-atoms@1.1.2", "https://mirrors.huaweicloud.com/repository/npm/es-object-atoms/-/es-object-atoms-1.1.2.tgz", { "dependencies": { "es-errors": "^1.3.0" } }, "sha512-HWcBoN6NileqtSydK2FqHbS/LoDd2pqrnQHLyJzBj4kOp/ky2MWMN694xOfkK8/SnUsW2DH7EfyVlydKCsm1Zw=="],

    "es-set-tostringtag": ["es-set-tostringtag@2.1.0", "https://mirrors.huaweicloud.com/repository/npm/es-set-tostringtag/-/es-set-tostringtag-2.1.0.tgz", { "dependencies": { "es-errors": "^1.3.0", "get-intrinsic": "^1.2.6", "has-tostringtag": "^1.0.2", "hasown": "^2.0.2" } }, "sha512-j6vWzfrGVfyXxge+O0x5sh6cvxAog0a/4Rdd2K36zCMV5eJ+/+tOAngRO8cODMNWbVRdVlmGZQL2YS3yR8bIUA=="],

    "follow-redirects": ["follow-redirects@1.16.0", "https://mirrors.huaweicloud.com/repository/npm/follow-redirects/-/follow-redirects-1.16.0.tgz", { "peerDependencies": { "debug": "*" }, "optionalPeers": ["debug"] }, "sha512-y5rN/uOsadFT/JfYwhxRS5R7Qce+g3zG97+JrtFZlC9klX/W5hD7iiLzScI4nZqUS7DNUdhPgw4xI8W2LuXlUw=="],

    "form-data": ["form-data@4.0.6", "https://mirrors.huaweicloud.com/repository/npm/form-data/-/form-data-4.0.6.tgz", { "dependencies": { "asynckit": "^0.4.0", "combined-stream": "^1.0.8", "es-set-tostringtag": "^2.1.0", "hasown": "^2.0.4", "mime-types": "^2.1.35" } }, "sha512-vKatAh4SlVfgbv+YtmhiRjhEMJsYpsG1Y2rMQtR+SVSbytsSD1YGzDIcrAJmdFec88u/+VoGmxnl+80gL1tRCQ=="],

    "function-bind": ["function-bind@1.1.2", "https://mirrors.huaweicloud.com/repository/npm/function-bind/-/function-bind-1.1.2.tgz", {}, "sha512-7XHNxH7qX9xG5mIwxkhumTox/MIRNcOgDrxWsMt2pAr23WHp6MrRlN7FBSFpCpr+oVO0F744iUgR82nJMfG2SA=="],

    "get-east-asian-width": ["get-east-asian-width@1.6.0", "https://mirrors.huaweicloud.com/repository/npm/get-east-asian-width/-/get-east-asian-width-1.6.0.tgz", {}, "sha512-QRbvDIbx6YklUe6RxeTeleMR0yv3cYH6PsPZHcnVn7xv7zO1BHN8r0XETu8n6Ye3Q+ahtSarc3WgtNWmehIBfA=="],

    "get-intrinsic": ["get-intrinsic@1.3.0", "https://mirrors.huaweicloud.com/repository/npm/get-intrinsic/-/get-intrinsic-1.3.0.tgz", { "dependencies": { "call-bind-apply-helpers": "^1.0.2", "es-define-property": "^1.0.1", "es-errors": "^1.3.0", "es-object-atoms": "^1.1.1", "function-bind": "^1.1.2", "get-proto": "^1.0.1", "gopd": "^1.2.0", "has-symbols": "^1.1.0", "hasown": "^2.0.2", "math-intrinsics": "^1.1.0" } }, "sha512-9fSjSaos/fRIVIp+xSJlE6lfwhES7LNtKaCBIamHsjr2na1BiABJPo0mOjjz8GJDURarmCPGqaiVg5mfjb98CQ=="],

    "get-proto": ["get-proto@1.0.1", "https://mirrors.huaweicloud.com/repository/npm/get-proto/-/get-proto-1.0.1.tgz", { "dependencies": { "dunder-proto": "^1.0.1", "es-object-atoms": "^1.0.0" } }, "sha512-sTSfBjoXBp89JvIKIefqw7U2CCebsc74kiY6awiGogKtoSGbgjYE/G/+l9sF3MWFPNc9IcoOC4ODfKHfxFmp0g=="],

    "gopd": ["gopd@1.2.0", "https://mirrors.huaweicloud.com/repository/npm/gopd/-/gopd-1.2.0.tgz", {}, "sha512-ZUKRh6/kUFoAiTAtTYPZJ3hw9wNxx+BIBOijnlG9PnrJsCcSjs1wyyD6vJpaYtgnzDrKYRSqf3OO6Rfa93xsRg=="],

    "has-symbols": ["has-symbols@1.1.0", "https://mirrors.huaweicloud.com/repository/npm/has-symbols/-/has-symbols-1.1.0.tgz", {}, "sha512-1cDNdwJ2Jaohmb3sg4OmKaMBwuC48sYni5HUw2DvsC8LjGTLK9h+eb1X6RyuOHe4hT0ULCW68iomhjUoKUqlPQ=="],

    "has-tostringtag": ["has-tostringtag@1.0.2", "https://mirrors.huaweicloud.com/repository/npm/has-tostringtag/-/has-tostringtag-1.0.2.tgz", { "dependencies": { "has-symbols": "^1.0.3" } }, "sha512-NqADB8VjPFLM2V0VvHUewwwsw0ZWBaIdgo+ieHtK3hasLz4qeCRjYcqfB6AQrBggRKppKF8L52/VqdVsO47Dlw=="],

    "hasown": ["hasown@2.0.4", "https://mirrors.huaweicloud.com/repository/npm/hasown/-/hasown-2.0.4.tgz", { "dependencies": { "function-bind": "^1.1.2" } }, "sha512-T2UbfbBEF32wiepXIsMlTW9+dDYC6wMh/t/vYA4tuOMKqWz/n3vr1NFSxQiyP+zk2mXsoMA/i/7qV6LKut1t1A=="],

    "https-proxy-agent": ["https-proxy-agent@5.0.1", "https://mirrors.huaweicloud.com/repository/npm/https-proxy-agent/-/https-proxy-agent-5.0.1.tgz", { "dependencies": { "agent-base": "6", "debug": "4" } }, "sha512-dFcAjpTQFgoLMzC2VwU+C/CbS7uRL0lWmxDITmqm7C+7F0Odmj6s9l6alZc6AELXhrnggM2CeWSXHGOdX2YtwA=="],

    "marked": ["marked@17.0.1", "https://mirrors.huaweicloud.com/repository/npm/marked/-/marked-17.0.1.tgz", { "bin": { "marked": "bin/marked.js" } }, "sha512-boeBdiS0ghpWcSwoNm/jJBwdpFaMnZWRzjA6SkUMYb40SVaN1x7mmfGKp0jvexGcx+7y2La5zRZsYFZI6Qpypg=="],

    "math-intrinsics": ["math-intrinsics@1.1.0", "https://mirrors.huaweicloud.com/repository/npm/math-intrinsics/-/math-intrinsics-1.1.0.tgz", {}, "sha512-/IXtbwEk5HTPyEwyKX6hGkYXxM9nbj64B+ilVJnC/R6B0pH5G4V3b0pVbL7DBj4tkhBAppbQUlf6F6Xl9LHu1g=="],

    "mime-db": ["mime-db@1.52.0", "https://mirrors.huaweicloud.com/repository/npm/mime-db/-/mime-db-1.52.0.tgz", {}, "sha512-sPU4uV7dYlvtWJxwwxHD0PuihVNiE7TyAbQ5SWxDCB9mUYvOgroQOwYQQOKPJ8CIbE+1ETVlOoK1UC2nU3gYvg=="],

    "mime-types": ["mime-types@2.1.35", "https://mirrors.huaweicloud.com/repository/npm/mime-types/-/mime-types-2.1.35.tgz", { "dependencies": { "mime-db": "1.52.0" } }, "sha512-ZDY+bPm5zTTF+YpCrAU9nK0UgICYPT0QtT1NZWFv4s++TNkcgVaT0g6+4R2uI4MjQjzysHB1zxuWL50hzaeXiw=="],

    "ms": ["ms@2.1.3", "https://mirrors.huaweicloud.com/repository/npm/ms/-/ms-2.1.3.tgz", {}, "sha512-6FlzubTLZG3J2a/NVCAleEhjzq5oxgHyaCU9yYXvcLsvoVaHJq/s5xXI6/XXP6tz7R9xAOtHnSO/tXtF3WRTlA=="],

    "on-exit-leak-free": ["on-exit-leak-free@2.1.2", "https://mirrors.huaweicloud.com/repository/npm/on-exit-leak-free/-/on-exit-leak-free-2.1.2.tgz", {}, "sha512-0eJJY6hXLGf1udHwfNftBqH+g73EU4B504nZeKpz1sYRKafAghwxEJunB2O7rDZkL4PGfsMVnTXZ2EjibbqcsA=="],

    "pino": ["pino@9.14.0", "https://mirrors.huaweicloud.com/repository/npm/pino/-/pino-9.14.0.tgz", { "dependencies": { "@pinojs/redact": "^0.4.0", "atomic-sleep": "^1.0.0", "on-exit-leak-free": "^2.1.0", "pino-abstract-transport": "^2.0.0", "pino-std-serializers": "^7.0.0", "process-warning": "^5.0.0", "quick-format-unescaped": "^4.0.3", "real-require": "^0.2.0", "safe-stable-stringify": "^2.3.1", "sonic-boom": "^4.0.1", "thread-stream": "^3.0.0" }, "bin": { "pino": "bin.js" } }, "sha512-8OEwKp5juEvb/MjpIc4hjqfgCNysrS94RIOMXYvpYCdm/jglrKEiAYmiumbmGhCvs+IcInsphYDFwqrjr7398w=="],

    "pino-abstract-transport": ["pino-abstract-transport@2.0.0", "https://mirrors.huaweicloud.com/repository/npm/pino-abstract-transport/-/pino-abstract-transport-2.0.0.tgz", { "dependencies": { "split2": "^4.0.0" } }, "sha512-F63x5tizV6WCh4R6RHyi2Ml+M70DNRXt/+HANowMflpgGFMAym/VKm6G7ZOQRjqN7XbGxK1Lg9t6ZrtzOaivMw=="],

    "pino-std-serializers": ["pino-std-serializers@7.1.0", "https://mirrors.huaweicloud.com/repository/npm/pino-std-serializers/-/pino-std-serializers-7.1.0.tgz", {}, "sha512-BndPH67/JxGExRgiX1dX0w1FvZck5Wa4aal9198SrRhZjH3GxKQUKIBnYJTdj2HDN3UQAS06HlfcSbQj2OHmaw=="],

    "process-warning": ["process-warning@5.1.0", "https://mirrors.huaweicloud.com/repository/npm/process-warning/-/process-warning-5.1.0.tgz", {}, "sha512-jQSaVHsPgtyw60e1rQ/A+/ArPEj/S8pS/vFnyGa/gYFXrKk/6RuDkoqVDQ5NI5MmS01698ltlAk0NoDBNLujRw=="],

    "proxy-from-env": ["proxy-from-env@2.1.0", "https://mirrors.huaweicloud.com/repository/npm/proxy-from-env/-/proxy-from-env-2.1.0.tgz", {}, "sha512-cJ+oHTW1VAEa8cJslgmUZrc+sjRKgAKl3Zyse6+PV38hZe/V6Z14TbCuXcan9F9ghlz4QrFr2c92TNF82UkYHA=="],

    "quick-format-unescaped": ["quick-format-unescaped@4.0.4", "https://mirrors.huaweicloud.com/repository/npm/quick-format-unescaped/-/quick-format-unescaped-4.0.4.tgz", {}, "sha512-tYC1Q1hgyRuHgloV/YXs2w15unPVh8qfu/qCTfhTYamaw7fyhumKa2yGpdSo87vY32rIclj+4fWYQXUMs9EHvg=="],

    "react": ["react@19.2.8", "https://mirrors.huaweicloud.com/repository/npm/react/-/react-19.2.8.tgz", {}, "sha512-PWaYA1L/q9u2u7xYQi+Y3L3Yfnie7XyLeaJICV1MGD6LprsBxcAqGjYyr0eY3p+QdsA+x/Irkt4Qif8D63+Sbw=="],

    "react-devtools-core": ["react-devtools-core@7.0.1", "https://mirrors.huaweicloud.com/repository/npm/react-devtools-core/-/react-devtools-core-7.0.1.tgz", { "dependencies": { "shell-quote": "^1.6.1", "ws": "^7" } }, "sha512-C3yNvRHaizlpiASzy7b9vbnBGLrhvdhl1CbdU6EnZgxPNbai60szdLtl+VL76UNOt5bOoVTOz5rNWZxgGt+Gsw=="],

    "react-reconciler": ["react-reconciler@0.33.0", "https://mirrors.huaweicloud.com/repository/npm/react-reconciler/-/react-reconciler-0.33.0.tgz", { "dependencies": { "scheduler": "^0.27.0" }, "peerDependencies": { "react": "^19.2.0" } }, "sha512-KetWRytFv1epdpJc3J4G75I4WrplZE5jOL7Yq0p34+OVOKF4Se7WrdIdVC45XsSSmUTlht2FM/fM1FZb1mfQeA=="],

    "real-require": ["real-require@0.2.0", "https://mirrors.huaweicloud.com/repository/npm/real-require/-/real-require-0.2.0.tgz", {}, "sha512-57frrGM/OCTLqLOAh0mhVA9VBMHd+9U7Zb2THMGdBUoZVOtGbJzjxsYGDJ3A9AYYCP4hn6y1TVbaOfzWtm5GFg=="],

    "safe-stable-stringify": ["safe-stable-stringify@2.5.0", "https://mirrors.huaweicloud.com/repository/npm/safe-stable-stringify/-/safe-stable-stringify-2.5.0.tgz", {}, "sha512-b3rppTKm9T+PsVCBEOUR46GWI7fdOs00VKZ1+9c1EWDaDMvjQc6tUwuFyIprgGgTcWoVHSKrU8H31ZHA2e0RHA=="],

    "scheduler": ["scheduler@0.27.0", "https://mirrors.huaweicloud.com/repository/npm/scheduler/-/scheduler-0.27.0.tgz", {}, "sha512-eNv+WrVbKu1f3vbYJT/xtiF5syA5HPIMtf9IgY/nKg0sWqzAUEvqY/xm7OcZc/qafLx/iO9FgOmeSAp4v5ti/Q=="],

    "shell-quote": ["shell-quote@1.10.0", "https://mirrors.huaweicloud.com/repository/npm/shell-quote/-/shell-quote-1.10.0.tgz", {}, "sha512-w1aiOKwKuRgtwAReIIj89puqg+I7GvX4IbLrvmhXbzQsj1+Zwi4VO3+fa6ZF91TWSjIxoEkKnMeHcLEODK5ZXA=="],

    "sonic-boom": ["sonic-boom@4.2.1", "https://mirrors.huaweicloud.com/repository/npm/sonic-boom/-/sonic-boom-4.2.1.tgz", { "dependencies": { "atomic-sleep": "^1.0.0" } }, "sha512-w6AxtubXa2wTXAUsZMMWERrsIRAdrK0Sc+FUytWvYAhBJLyuI4llrMIC1DtlNSdI99EI86KZum2MMq3EAZlF9Q=="],

    "split2": ["split2@4.2.0", "https://mirrors.huaweicloud.com/repository/npm/split2/-/split2-4.2.0.tgz", {}, "sha512-UcjcJOWknrNkF6PLX83qcHM6KHgVKNkV62Y8a5uYDVv9ydGQVwAHMKqHdJje1VTWpljG0WYpCDhrCdAOYH4TWg=="],

    "string-width": ["string-width@7.2.0", "https://mirrors.huaweicloud.com/repository/npm/string-width/-/string-width-7.2.0.tgz", { "dependencies": { "emoji-regex": "^10.3.0", "get-east-asian-width": "^1.0.0", "strip-ansi": "^7.1.0" } }, "sha512-tsaTIkKW9b4N+AEj+SVA+WhJzV7/zMhcSu78mLKWSk7cXMOSHsBKFWUs0fWwq8QyK3MgJBQRX6Gbi4kYbdvGkQ=="],

    "strip-ansi": ["strip-ansi@7.1.2", "https://mirrors.huaweicloud.com/repository/npm/strip-ansi/-/strip-ansi-7.1.2.tgz", { "dependencies": { "ansi-regex": "^6.0.1" } }, "sha512-gmBGslpoQJtgnMAvOVqGZpEz9dyoKTCzy2nfz/n8aIFhN/jCE/rCmcxabB6jOOHV+0WNnylOxaxBQPSvcWklhA=="],

    "thread-stream": ["thread-stream@3.2.0", "https://mirrors.huaweicloud.com/repository/npm/thread-stream/-/thread-stream-3.2.0.tgz", { "dependencies": { "real-require": "^0.2.0" } }, "sha512-zLBvqpwr4Esa0kRjcrzGU6zL25lePWaCLMx0RQFrmteozIfeNdaMLpG5U7PeHzvlFkAWaRKA9/KVW4F60iB+qw=="],

    "typescript": ["typescript@5.9.3", "https://mirrors.huaweicloud.com/repository/npm/typescript/-/typescript-5.9.3.tgz", { "bin": { "tsc": "bin/tsc", "tsserver": "bin/tsserver" } }, "sha512-jl1vZzPDinLr9eUt3J/t7V6FgNEw9QjvBPdysz9KfQDD41fQrC2Y4vKQdiaUpFT4bXlb1RHhLpp8wtm6M5TgSw=="],

    "undici-types": ["undici-types@6.21.0", "https://mirrors.huaweicloud.com/repository/npm/undici-types/-/undici-types-6.21.0.tgz", {}, "sha512-iwDZqg0QAGrg9Rav5H4n0M64c3mkR59cJ6wQp+7C4nI0gsmExaedaYLNO44eT4AtBBwjbTiGPMlt2Md0T9H9JQ=="],

    "web-tree-sitter": ["web-tree-sitter@0.25.10", "https://mirrors.huaweicloud.com/repository/npm/web-tree-sitter/-/web-tree-sitter-0.25.10.tgz", { "peerDependencies": { "@types/emscripten": "^1.40.0" }, "optionalPeers": ["@types/emscripten"] }, "sha512-Y09sF44/13XvgVKgO2cNDw5rGk6s26MgoZPXLESvMXeefBf7i6/73eFurre0IsTW6E14Y0ArIzhUMmjoc7xyzA=="],

    "ws": ["ws@8.21.3", "https://mirrors.huaweicloud.com/repository/npm/ws/-/ws-8.21.3.tgz", { "peerDependencies": { "bufferutil": "^4.0.1", "utf-8-validate": ">=5.0.2" }, "optionalPeers": ["bufferutil", "utf-8-validate"] }, "sha512-201TZ/kPWxoPr/OKWjquZR1SWKXcvxdH+e1xrx89b3YbmzLMFCLfnaG1HFIgWzJOEWZ7MvpK++odZufgYR50Rw=="],

    "zod": ["zod@3.25.76", "https://mirrors.huaweicloud.com/repository/npm/zod/-/zod-3.25.76.tgz", {}, "sha512-gzUt/qt81nXsFGKIFcC3YnfEAx5NkunCfnDlvuBSSFS02bcXu4Lmea0AFIUwbLWxWPx3d9p8S5QoaujKcNQxcQ=="],

    "react-devtools-core/ws": ["ws@7.5.13", "https://mirrors.huaweicloud.com/repository/npm/ws/-/ws-7.5.13.tgz", { "peerDependencies": { "bufferutil": "^4.0.1", "utf-8-validate": "^5.0.2" }, "optionalPeers": ["bufferutil", "utf-8-validate"] }, "sha512-rsKI6xDBFVf4r/x8XyChGK04QR/XHroxs/jUcoWvtEZM8TPU/X/uIY9B1CsSzYws9ZJb/6bbBu7dPhFW00CAoA=="],
  }
}
